// !$*UTF8*$!
{
	archiveVersion = 1;
	classes = {
	};
	objectVersion = 56;
	objects = {

/* Begin PBXBuildFile section */
		F0870A6729A3C5CE00D7C938 /* TransactionsDetailView.swift in Sources */ = {isa = PBXBuildFile; fileRef = F0870A6629A3C5CE00D7C938 /* TransactionsDetailView.swift */; };
		F0870A6929A4256200D7C938 /* Date.swift in Sources */ = {isa = PBXBuildFile; fileRef = F0870A6829A4256200D7C938 /* Date.swift */; };
		F090705C29A249CF006C27DF /* TransactionsViewModel.swift in Sources */ = {isa = PBXBuildFile; fileRef = F090705B29A249CF006C27DF /* TransactionsViewModel.swift */; };
		F097012E299D0C5400D80E2C /* WorldOfPAYBACKApp.swift in Sources */ = {isa = PBXBuildFile; fileRef = F097012D299D0C5400D80E2C /* WorldOfPAYBACKApp.swift */; };
		F0970130299D0C5400D80E2C /* ContentView.swift in Sources */ = {isa = PBXBuildFile; fileRef = F097012F299D0C5400D80E2C /* ContentView.swift */; };
		F0970132299D0C5600D80E2C /* Assets.xcassets in Resources */ = {isa = PBXBuildFile; fileRef = F0970131299D0C5600D80E2C /* Assets.xcassets */; };
		F0970135299D0C5600D80E2C /* Preview Assets.xcassets in Resources */ = {isa = PBXBuildFile; fileRef = F0970134299D0C5600D80E2C /* Preview Assets.xcassets */; };
		F097013C299D2EB300D80E2C /* PBTransactions.json in Resources */ = {isa = PBXBuildFile; fileRef = F097013B299D2EB300D80E2C /* PBTransactions.json */; };
		F0970144299D4E1600D80E2C /* DataModel.swift in Sources */ = {isa = PBXBuildFile; fileRef = F0970143299D4E1600D80E2C /* DataModel.swift */; };
		F0970146299D672000D80E2C /* JSONMapper.swift in Sources */ = {isa = PBXBuildFile; fileRef = F0970145299D672000D80E2C /* JSONMapper.swift */; };
		F097014B299D740500D80E2C /* TransactionsView.swift in Sources */ = {isa = PBXBuildFile; fileRef = F097014A299D740500D80E2C /* TransactionsView.swift */; };
		F097014E299D760800D80E2C /* Symbols.swift in Sources */ = {isa = PBXBuildFile; fileRef = F097014D299D760800D80E2C /* Symbols.swift */; };
		F0970150299DA8D200D80E2C /* DateModel.swift in Sources */ = {isa = PBXBuildFile; fileRef = F097014F299DA8D200D80E2C /* DateModel.swift */; };
		F0EE833429A4F21600F322A1 /* TransactionsDataService.swift in Sources */ = {isa = PBXBuildFile; fileRef = F0EE833329A4F21600F322A1 /* TransactionsDataService.swift */; };
/* End PBXBuildFile section */

/* Begin PBXFileReference section */
		F0870A6629A3C5CE00D7C938 /* TransactionsDetailView.swift */ = {isa = PBXFileReference; lastKnownFileType = sourcecode.swift; path = TransactionsDetailView.swift; sourceTree = "<group>"; };
		F0870A6829A4256200D7C938 /* Date.swift */ = {isa = PBXFileReference; lastKnownFileType = sourcecode.swift; path = Date.swift; sourceTree = "<group>"; };
		F090705B29A249CF006C27DF /* TransactionsViewModel.swift */ = {isa = PBXFileReference; lastKnownFileType = sourcecode.swift; path = TransactionsViewModel.swift; sourceTree = "<group>"; };
		F097012A299D0C5400D80E2C /* WorldOfPAYBACK.app */ = {isa = PBXFileReference; explicitFileType = wrapper.application; includeInIndex = 0; path = WorldOfPAYBACK.app; sourceTree = BUILT_PRODUCTS_DIR; };
		F097012D299D0C5400D80E2C /* WorldOfPAYBACKApp.swift */ = {isa = PBXFileReference; lastKnownFileType = sourcecode.swift; path = WorldOfPAYBACKApp.swift; sourceTree = "<group>"; };
		F097012F299D0C5400D80E2C /* ContentView.swift */ = {isa = PBXFileReference; lastKnownFileType = sourcecode.swift; path = ContentView.swift; sourceTree = "<group>"; };
		F0970131299D0C5600D80E2C /* Assets.xcassets */ = {isa = PBXFileReference; lastKnownFileType = folder.assetcatalog; path = Assets.xcassets; sourceTree = "<group>"; };
		F0970134299D0C5600D80E2C /* Preview Assets.xcassets */ = {isa = PBXFileReference; lastKnownFileType = folder.assetcatalog; path = "Preview Assets.xcassets"; sourceTree = "<group>"; };
		F097013B299D2EB300D80E2C /* PBTransactions.json */ = {isa = PBXFileReference; fileEncoding = 4; lastKnownFileType = text.json; path = PBTransactions.json; sourceTree = "<group>"; };
		F0970143299D4E1600D80E2C /* DataModel.swift */ = {isa = PBXFileReference; lastKnownFileType = sourcecode.swift; path = DataModel.swift; sourceTree = "<group>"; };
		F0970145299D672000D80E2C /* JSONMapper.swift */ = {isa = PBXFileReference; lastKnownFileType = sourcecode.swift; path = JSONMapper.swift; sourceTree = "<group>"; };
		F097014A299D740500D80E2C /* TransactionsView.swift */ = {isa = PBXFileReference; lastKnownFileType = sourcecode.swift; path = TransactionsView.swift; sourceTree = "<group>"; };
		F097014D299D760800D80E2C /* Symbols.swift */ = {isa = PBXFileReference; lastKnownFileType = sourcecode.swift; path = Symbols.swift; sourceTree = "<group>"; };
		F097014F299DA8D200D80E2C /* DateModel.swift */ = {isa = PBXFileReference; lastKnownFileType = sourcecode.swift; path = DateModel.swift; sourceTree = "<group>"; };
		F0EE833329A4F21600F322A1 /* TransactionsDataService.swift */ = {isa = PBXFileReference; lastKnownFileType = sourcecode.swift; path = TransactionsDataService.swift; sourceTree = "<group>"; };
/* End PBXFileReference section */

/* Begin PBXFrameworksBuildPhase section */
		F0970127299D0C5400D80E2C /* Frameworks */ = {
			isa = PBXFrameworksBuildPhase;
			buildActionMask = 2147483647;
			files = (
			);
			runOnlyForDeploymentPostprocessing = 0;
		};
/* End PBXFrameworksBuildPhase section */

/* Begin PBXGroup section */
		F0970121299D0C5400D80E2C = {
			isa = PBXGroup;
			children = (
				F097012C299D0C5400D80E2C /* WorldOfPAYBACK */,
				F097012B299D0C5400D80E2C /* Products */,
			);
			sourceTree = "<group>";
		};
		F097012B299D0C5400D80E2C /* Products */ = {
			isa = PBXGroup;
			children = (
				F097012A299D0C5400D80E2C /* WorldOfPAYBACK.app */,
			);
			name = Products;
			sourceTree = "<group>";
		};
		F097012C299D0C5400D80E2C /* WorldOfPAYBACK */ = {
			isa = PBXGroup;
			children = (
				F097012D299D0C5400D80E2C /* WorldOfPAYBACKApp.swift */,
				F097012F299D0C5400D80E2C /* ContentView.swift */,
				F0EE833229A4F1E100F322A1 /* Services */,
				F097014C299D75EF00D80E2C /* Resourses */,
				F0970149299D692600D80E2C /* View */,
				F0970148299D690B00D80E2C /* ViewModel */,
				F0970147299D690400D80E2C /* Model */,
				F097013B299D2EB300D80E2C /* PBTransactions.json */,
				F0970131299D0C5600D80E2C /* Assets.xcassets */,
				F0970133299D0C5600D80E2C /* Preview Content */,
			);
			path = WorldOfPAYBACK;
			sourceTree = "<group>";
		};
		F0970133299D0C5600D80E2C /* Preview Content */ = {
			isa = PBXGroup;
			children = (
				F0970134299D0C5600D80E2C /* Preview Assets.xcassets */,
			);
			path = "Preview Content";
			sourceTree = "<group>";
		};
		F0970147299D690400D80E2C /* Model */ = {
			isa = PBXGroup;
			children = (
				F097014F299DA8D200D80E2C /* DateModel.swift */,
				F0970143299D4E1600D80E2C /* DataModel.swift */,
			);
			path = Model;
			sourceTree = "<group>";
		};
		F0970148299D690B00D80E2C /* ViewModel */ = {
			isa = PBXGroup;
			children = (
				F0970145299D672000D80E2C /* JSONMapper.swift */,
				F090705B29A249CF006C27DF /* TransactionsViewModel.swift */,
			);
			path = ViewModel;
			sourceTree = "<group>";
		};
		F0970149299D692600D80E2C /* View */ = {
			isa = PBXGroup;
			children = (
				F097014A299D740500D80E2C /* TransactionsView.swift */,
				F0870A6629A3C5CE00D7C938 /* TransactionsDetailView.swift */,
			);
			path = View;
			sourceTree = "<group>";
		};
		F097014C299D75EF00D80E2C /* Resourses */ = {
			isa = PBXGroup;
			children = (
				F097014D299D760800D80E2C /* Symbols.swift */,
				F0870A6829A4256200D7C938 /* Date.swift */,
			);
			path = Resourses;
			sourceTree = "<group>";
		};
		F0EE833229A4F1E100F322A1 /* Services */ = {
			isa = PBXGroup;
			children = (
				F0EE833329A4F21600F322A1 /* TransactionsDataService.swift */,
			);
			path = Services;
			sourceTree = "<group>";
		};
/* End PBXGroup section */

/* Begin PBXNativeTarget section */
		F0970129299D0C5400D80E2C /* WorldOfPAYBACK */ = {
			isa = PBXNativeTarget;
			buildConfigurationList = F0970138299D0C5600D80E2C /* Build configuration list for PBXNativeTarget "WorldOfPAYBACK" */;
			buildPhases = (
				F0970126299D0C5400D80E2C /* Sources */,
				F0970127299D0C5400D80E2C /* Frameworks */,
				F0970128299D0C5400D80E2C /* Resources */,
			);
			buildRules = (
			);
			dependencies = (
			);
			name = WorldOfPAYBACK;
			productName = WorldOfPAYBACK;
			productReference = F097012A299D0C5400D80E2C /* WorldOfPAYBACK.app */;
			productType = "com.apple.product-type.application";
		};
/* End PBXNativeTarget section */

/* Begin PBXProject section */
		F0970122299D0C5400D80E2C /* Project object */ = {
			isa = PBXProject;
			attributes = {
				BuildIndependentTargetsInParallel = 1;
				LastSwiftUpdateCheck = 1400;
				LastUpgradeCheck = 1400;
				TargetAttributes = {
					F0970129299D0C5400D80E2C = {
						CreatedOnToolsVersion = 14.0.1;
					};
				};
			};
			buildConfigurationList = F0970125299D0C5400D80E2C /* Build configuration list for PBXProject "WorldOfPAYBACK" */;
			compatibilityVersion = "Xcode 14.0";
			developmentRegion = en;
			hasScannedForEncodings = 0;
			knownRegions = (
				en,
				Base,
			);
			mainGroup = F0970121299D0C5400D80E2C;
			productRefGroup = F097012B299D0C5400D80E2C /* Products */;
			projectDirPath = "";
			projectRoot = "";
			targets = (
				F0970129299D0C5400D80E2C /* WorldOfPAYBACK */,
			);
		};
/* End PBXProject section */

/* Begin PBXResourcesBuildPhase section */
		F0970128299D0C5400D80E2C /* Resources */ = {
			isa = PBXResourcesBuildPhase;
			buildActionMask = 2147483647;
			files = (
				F0970135299D0C5600D80E2C /* Preview Assets.xcassets in Resources */,
				F097013C299D2EB300D80E2C /* PBTransactions.json in Resources */,
				F0970132299D0C5600D80E2C /* Assets.xcassets in Resources */,
			);
			runOnlyForDeploymentPostprocessing = 0;
		};
/* End PBXResourcesBuildPhase section */

/* Begin PBXSourcesBuildPhase section */
		F0970126299D0C5400D80E2C /* Sources */ = {
			isa = PBXSourcesBuildPhase;
			buildActionMask = 2147483647;
			files = (
				F0970130299D0C5400D80E2C /* ContentView.swift in Sources */,
				F0EE833429A4F21600F322A1 /* TransactionsDataService.swift in Sources */,
				F0870A6929A4256200D7C938 /* Date.swift in Sources */,
				F090705C29A249CF006C27DF /* TransactionsViewModel.swift in Sources */,
				F097014E299D760800D80E2C /* Symbols.swift in Sources */,
				F0970146299D672000D80E2C /* JSONMapper.swift in Sources */,
				F0870A6729A3C5CE00D7C938 /* TransactionsDetailView.swift in Sources */,
				F097012E299D0C5400D80E2C /* WorldOfPAYBACKApp.swift in Sources */,
				F0970150299DA8D200D80E2C /* DateModel.swift in Sources */,
				F0970144299D4E1600D80E2C /* DataModel.swift in Sources */,
				F097014B299D740500D80E2C /* TransactionsView.swift in Sources */,
			);
			runOnlyForDeploymentPostprocessing = 0;
		};
/* End PBXSourcesBuildPhase section */

/* Begin XCBuildConfiguration section */
		F0970136299D0C5600D80E2C /* Debug */ = {
			isa = XCBuildConfiguration;
			buildSettings = {
				ALWAYS_SEARCH_USER_PATHS = NO;
				CLANG_ANALYZER_NONNULL = YES;
				CLANG_ANALYZER_NUMBER_OBJECT_CONVERSION = YES_AGGRESSIVE;
				CLANG_CXX_LANGUAGE_STANDARD = "gnu++20";
				CLANG_ENABLE_MODULES = YES;
				CLANG_ENABLE_OBJC_ARC = YES;
				CLANG_ENABLE_OBJC_WEAK = YES;
				CLANG_WARN_BLOCK_CAPTURE_AUTORELEASING = YES;
				CLANG_WARN_BOOL_CONVERSION = YES;
				CLANG_WARN_COMMA = YES;
				CLANG_WARN_CONSTANT_CONVERSION = YES;
				CLANG_WARN_DEPRECATED_OBJC_IMPLEMENTATIONS = YES;
				CLANG_WARN_DIRECT_OBJC_ISA_USAGE = YES_ERROR;
				CLANG_WARN_DOCUMENTATION_COMMENTS = YES;
				CLANG_WARN_EMPTY_BODY = YES;
				CLANG_WARN_ENUM_CONVERSION = YES;
				CLANG_WARN_INFINITE_RECURSION = YES;
				CLANG_WARN_INT_CONVERSION = YES;
				CLANG_WARN_NON_LITERAL_NULL_CONVERSION = YES;
				CLANG_WARN_OBJC_IMPLICIT_RETAIN_SELF = YES;
				CLANG_WARN_OBJC_LITERAL_CONVERSION = YES;
				CLANG_WARN_OBJC_ROOT_CLASS = YES_ERROR;
				CLANG_WARN_QUOTED_INCLUDE_IN_FRAMEWORK_HEADER = YES;
				CLANG_WARN_RANGE_LOOP_ANALYSIS = YES;
				CLANG_WARN_STRICT_PROTOTYPES = YES;
				CLANG_WARN_SUSPICIOUS_MOVE = YES;
				CLANG_WARN_UNGUARDED_AVAILABILITY = YES_AGGRESSIVE;
				CLANG_WARN_UNREACHABLE_CODE = YES;
				CLANG_WARN__DUPLICATE_METHOD_MATCH = YES;
				COPY_PHASE_STRIP = NO;
				DEBUG_INFORMATION_FORMAT = dwarf;
				ENABLE_STRICT_OBJC_MSGSEND = YES;
				ENABLE_TESTABILITY = YES;
				GCC_C_LANGUAGE_STANDARD = gnu11;
				GCC_DYNAMIC_NO_PIC = NO;
				GCC_NO_COMMON_BLOCKS = YES;
				GCC_OPTIMIZATION_LEVEL = 0;
				GCC_PREPROCESSOR_DEFINITIONS = (
					"DEBUG=1",
					"$(inherited)",
				);
				GCC_WARN_64_TO_32_BIT_CONVERSION = YES;
				GCC_WARN_ABOUT_RETURN_TYPE = YES_ERROR;
				GCC_WARN_UNDECLARED_SELECTOR = YES;
				GCC_WARN_UNINITIALIZED_AUTOS = YES_AGGRESSIVE;
				GCC_WARN_UNUSED_FUNCTION = YES;
				GCC_WARN_UNUSED_VARIABLE = YES;
				IPHONEOS_DEPLOYMENT_TARGET = 16.0;
				MTL_ENABLE_DEBUG_INFO = INCLUDE_SOURCE;
				MTL_FAST_MATH = YES;
				ONLY_ACTIVE_ARCH = YES;
				SDKROOT = iphoneos;
				SWIFT_ACTIVE_COMPILATION_CONDITIONS = DEBUG;
				SWIFT_OPTIMIZATION_LEVEL = "-Onone";
			};
			name = Debug;
		};
		F0970137299D0C5600D80E2C /* Release */ = {
			isa = XCBuildConfiguration;
			buildSettings = {
				ALWAYS_SEARCH_USER_PATHS = NO;
				CLANG_ANALYZER_NONNULL = YES;
				CLANG_ANALYZER_NUMBER_OBJECT_CONVERSION = YES_AGGRESSIVE;
				CLANG_CXX_LANGUAGE_STANDARD = "gnu++20";
				CLANG_ENABLE_MODULES = YES;
				CLANG_ENABLE_OBJC_ARC = YES;
				CLANG_ENABLE_OBJC_WEAK = YES;
				CLANG_WARN_BLOCK_CAPTURE_AUTORELEASING = YES;
				CLANG_WARN_BOOL_CONVERSION = YES;
				CLANG_WARN_COMMA = YES;
				CLANG_WARN_CONSTANT_CONVERSION = YES;
				CLANG_WARN_DEPRECATED_OBJC_IMPLEMENTATIONS = YES;
				CLANG_WARN_DIRECT_OBJC_ISA_USAGE = YES_ERROR;
				CLANG_WARN_DOCUMENTATION_COMMENTS = YES;
				CLANG_WARN_EMPTY_BODY = YES;
				CLANG_WARN_ENUM_CONVERSION = YES;
				CLANG_WARN_INFINITE_RECURSION = YES;
				CLANG_WARN_INT_CONVERSION = YES;
				CLANG_WARN_NON_LITERAL_NULL_CONVERSION = YES;
				CLANG_WARN_OBJC_IMPLICIT_RETAIN_SELF = YES;
				CLANG_WARN_OBJC_LITERAL_CONVERSION = YES;
				CLANG_WARN_OBJC_ROOT_CLASS = YES_ERROR;
				CLANG_WARN_QUOTED_INCLUDE_IN_FRAMEWORK_HEADER = YES;
				CLANG_WARN_RANGE_LOOP_ANALYSIS = YES;
				CLANG_WARN_STRICT_PROTOTYPES = YES;
				CLANG_WARN_SUSPICIOUS_MOVE = YES;
				CLANG_WARN_UNGUARDED_AVAILABILITY = YES_AGGRESSIVE;
				CLANG_WARN_UNREACHABLE_CODE = YES;
				CLANG_WARN__DUPLICATE_METHOD_MATCH = YES;
				COPY_PHASE_STRIP = NO;
				DEBUG_INFORMATION_FORMAT = "dwarf-with-dsym";
				ENABLE_NS_ASSERTIONS = NO;
				ENABLE_STRICT_OBJC_MSGSEND = YES;
				GCC_C_LANGUAGE_STANDARD = gnu11;
				GCC_NO_COMMON_BLOCKS = YES;
				GCC_WARN_64_TO_32_BIT_CONVERSION = YES;
				GCC_WARN_ABOUT_RETURN_TYPE = YES_ERROR;
				GCC_WARN_UNDECLARED_SELECTOR = YES;
				GCC_WARN_UNINITIALIZED_AUTOS = YES_AGGRESSIVE;
				GCC_WARN_UNUSED_FUNCTION = YES;
				GCC_WARN_UNUSED_VARIABLE = YES;
				IPHONEOS_DEPLOYMENT_TARGET = 16.0;
				MTL_ENABLE_DEBUG_INFO = NO;
				MTL_FAST_MATH = YES;
				SDKROOT = iphoneos;
				SWIFT_COMPILATION_MODE = wholemodule;
				SWIFT_OPTIMIZATION_LEVEL = "-O";
				VALIDATE_PRODUCT = YES;
			};
			name = Release;
		};
		F0970139299D0C5600D80E2C /* Debug */ = {
			isa = XCBuildConfiguration;
			buildSettings = {
				ASSETCATALOG_COMPILER_APPICON_NAME = AppIcon;
				ASSETCATALOG_COMPILER_GLOBAL_ACCENT_COLOR_NAME = AccentColor;
				CODE_SIGN_STYLE = Automatic;
				CURRENT_PROJECT_VERSION = 1;
				DEVELOPMENT_ASSET_PATHS = "\"WorldOfPAYBACK/Preview Content\"";
				DEVELOPMENT_TEAM = YSRZA997C7;
				ENABLE_PREVIEWS = YES;
				GENERATE_INFOPLIST_FILE = YES;
				INFOPLIST_KEY_UIApplicationSceneManifest_Generation = YES;
				INFOPLIST_KEY_UIApplicationSupportsIndirectInputEvents = YES;
				INFOPLIST_KEY_UILaunchScreen_Generation = YES;
				INFOPLIST_KEY_UISupportedInterfaceOrientations_iPad = "UIInterfaceOrientationPortrait UIInterfaceOrientationPortraitUpsideDown UIInterfaceOrientationLandscapeLeft UIInterfaceOrientationLandscapeRight";
				INFOPLIST_KEY_UISupportedInterfaceOrientations_iPhone = "UIInterfaceOrientationPortrait UIInterfaceOrientationLandscapeLeft UIInterfaceOrientationLandscapeRight";
				LD_RUNPATH_SEARCH_PATHS = (
					"$(inherited)",
					"@executable_path/Frameworks",
				);
				MARKETING_VERSION = 1.0;
				PRODUCT_BUNDLE_IDENTIFIER = k.rub.WorldOfPAYBACK;
				PRODUCT_NAME = "$(TARGET_NAME)";
				SWIFT_EMIT_LOC_STRINGS = YES;
				SWIFT_VERSION = 5.0;
				TARGETED_DEVICE_FAMILY = "1,2";
			};
			name = Debug;
		};
		F097013A299D0C5600D80E2C /* Release */ = {
			isa = XCBuildConfiguration;
			buildSettings = {
				ASSETCATALOG_COMPILER_APPICON_NAME = AppIcon;
				ASSETCATALOG_COMPILER_GLOBAL_ACCENT_COLOR_NAME = AccentColor;
				CODE_SIGN_STYLE = Automatic;
				CURRENT_PROJECT_VERSION = 1;
				DEVELOPMENT_ASSET_PATHS = "\"WorldOfPAYBACK/Preview Content\"";
				DEVELOPMENT_TEAM = YSRZA997C7;
				ENABLE_PREVIEWS = YES;
				GENERATE_INFOPLIST_FILE = YES;
				INFOPLIST_KEY_UIApplicationSceneManifest_Generation = YES;
				INFOPLIST_KEY_UIApplicationSupportsIndirectInputEvents = YES;
				INFOPLIST_KEY_UILaunchScreen_Generation = YES;
				INFOPLIST_KEY_UISupportedInterfaceOrientations_iPad = "UIInterfaceOrientationPortrait UIInterfaceOrientationPortraitUpsideDown UIInterfaceOrientationLandscapeLeft UIInterfaceOrientationLandscapeRight";
				INFOPLIST_KEY_UISupportedInterfaceOrientations_iPhone = "UIInterfaceOrientationPortrait UIInterfaceOrientationLandscapeLeft UIInterfaceOrientationLandscapeRight";
				LD_RUNPATH_SEARCH_PATHS = (
					"$(inherited)",
					"@executable_path/Frameworks",
				);
				MARKETING_VERSION = 1.0;
				PRODUCT_BUNDLE_IDENTIFIER = k.rub.WorldOfPAYBACK;
				PRODUCT_NAME = "$(TARGET_NAME)";
				SWIFT_EMIT_LOC_STRINGS = YES;
				SWIFT_VERSION = 5.0;
				TARGETED_DEVICE_FAMILY = "1,2";
			};
			name = Release;
		};
/* End XCBuildConfiguration section */

/* Begin XCConfigurationList section */
		F0970125299D0C5400D80E2C /* Build configuration list for PBXProject "WorldOfPAYBACK" */ = {
			isa = XCConfigurationList;
			buildConfigurations = (
				F0970136299D0C5600D80E2C /* Debug */,
				F0970137299D0C5600D80E2C /* Release */,
			);
			defaultConfigurationIsVisible = 0;
			defaultConfigurationName = Release;
		};
		F0970138299D0C5600D80E2C /* Build configuration list for PBXNativeTarget "WorldOfPAYBACK" */ = {
			isa = XCConfigurationList;
			buildConfigurations = (
				F0970139299D0C5600D80E2C /* Debug */,
				F097013A299D0C5600D80E2C /* Release */,
			);
			defaultConfigurationIsVisible = 0;
			defaultConfigurationName = Release;
		};
/* End XCConfigurationList section */
	};
	rootObject = F0970122299D0C5400D80E2C /* Project object */;
}
